// !$*UTF8*$!
{
	archiveVersion = 1;
	classes = {
	};
	objectVersion = 46;
	objects = {

/* Begin PBXBuildFile section */
		1A4B76FB11907DD600940A50 /* MapKit.framework in Frameworks */ = {isa = PBXBuildFile; fileRef = 1A4B76FA11907DD600940A50 /* MapKit.framework */; };
		1A4B770A11907E0300940A50 /* KMLParser.m in Sources */ = {isa = PBXBuildFile; fileRef = 1A4B770911907E0300940A50 /* KMLParser.m */; };
		1A4B77311190911400940A50 /* CoreLocation.framework in Frameworks */ = {isa = PBXBuildFile; fileRef = 1A4B77301190911400940A50 /* CoreLocation.framework */; };
		1D60589B0D05DD56006BFB54 /* main.m in Sources */ = {isa = PBXBuildFile; fileRef = 29B97316FDCFA39411CA2CEA /* main.m */; };
		1D60589F0D05DD5A006BFB54 /* Foundation.framework in Frameworks */ = {isa = PBXBuildFile; fileRef = 1D30AB110D05D00D00671497 /* Foundation.framework */; };
		1DF5F4E00D08C38300B7A737 /* UIKit.framework in Frameworks */ = {isa = PBXBuildFile; fileRef = 1DF5F4DF0D08C38300B7A737 /* UIKit.framework */; };
		288765A50DF7441C002DB57D /* CoreGraphics.framework in Frameworks */ = {isa = PBXBuildFile; fileRef = 288765A40DF7441C002DB57D /* CoreGraphics.framework */; };
		D88278471B94F20400ADFFC3 /* Main.storyboard in Resources */ = {isa = PBXBuildFile; fileRef = D88278491B94F20400ADFFC3 /* Main.storyboard */; };
		D8BD72441B964F32003664CD /* Launch.xib in Resources */ = {isa = PBXBuildFile; fileRef = D8BD72421B964F32003664CD /* Launch.xib */; };
		D8DC65151B879F6A00C7C5C0 /* Images.xcassets in Resources */ = {isa = PBXBuildFile; fileRef = D8DC65141B879F6A00C7C5C0 /* Images.xcassets */; };
		DA941F711CBC916A00A2CC69 /* AppDelegate.m in Sources */ = {isa = PBXBuildFile; fileRef = DA941F701CBC916A00A2CC69 /* AppDelegate.m */; };
		DA941F741CBC916A00A2CC69 /* main.m in Sources */ = {isa = PBXBuildFile; fileRef = DA941F731CBC916A00A2CC69 /* main.m */; };
		DA941F761CBC916A00A2CC69 /* Assets.xcassets in Resources */ = {isa = PBXBuildFile; fileRef = DA941F751CBC916A00A2CC69 /* Assets.xcassets */; };
		DA941F791CBC916A00A2CC69 /* MainMenu.xib in Resources */ = {isa = PBXBuildFile; fileRef = DA941F771CBC916A00A2CC69 /* MainMenu.xib */; };
		DA941F7F1CBC91B500A2CC69 /* MapKit.framework in Frameworks */ = {isa = PBXBuildFile; fileRef = DA941F7E1CBC91B500A2CC69 /* MapKit.framework */; };
		DA941F801CBC924200A2CC69 /* KMLParser.m in Sources */ = {isa = PBXBuildFile; fileRef = 1A4B770911907E0300940A50 /* KMLParser.m */; };
		DA941F891CBCA53300A2CC69 /* KMLViewerAppDelegate.m in Sources */ = {isa = PBXBuildFile; fileRef = DA941F851CBCA53300A2CC69 /* KMLViewerAppDelegate.m */; };
		DA941F8A1CBCA53300A2CC69 /* KMLViewerViewController.m in Sources */ = {isa = PBXBuildFile; fileRef = DA941F871CBCA53300A2CC69 /* KMLViewerViewController.m */; };
		DA941F8E1CBCA59B00A2CC69 /* KML_Sample.kml in Resources */ = {isa = PBXBuildFile; fileRef = DA941F8C1CBCA59B00A2CC69 /* KML_Sample.kml */; };
		DA941F8F1CBCA59B00A2CC69 /* KML_Sample.kml in Resources */ = {isa = PBXBuildFile; fileRef = DA941F8C1CBCA59B00A2CC69 /* KML_Sample.kml */; };
		DA941F901CBCA59B00A2CC69 /* KML_Sample_2.2.kml in Resources */ = {isa = PBXBuildFile; fileRef = DA941F8D1CBCA59B00A2CC69 /* KML_Sample_2.2.kml */; };
		DA941F911CBCA59B00A2CC69 /* KML_Sample_2.2.kml in Resources */ = {isa = PBXBuildFile; fileRef = DA941F8D1CBCA59B00A2CC69 /* KML_Sample_2.2.kml */; };
/* End PBXBuildFile section */

/* Begin PBXFileReference section */
		1A4B76FA11907DD600940A50 /* MapKit.framework */ = {isa = PBXFileReference; lastKnownFileType = wrapper.framework; name = MapKit.framework; path = System/Library/Frameworks/MapKit.framework; sourceTree = SDKROOT; };
		1A4B770811907E0300940A50 /* KMLParser.h */ = {isa = PBXFileReference; fileEncoding = 4; lastKnownFileType = sourcecode.c.h; path = KMLParser.h; sourceTree = "<group>"; };
		1A4B770911907E0300940A50 /* KMLParser.m */ = {isa = PBXFileReference; fileEncoding = 4; lastKnownFileType = sourcecode.c.objc; path = KMLParser.m; sourceTree = "<group>"; };
		1A4B77301190911400940A50 /* CoreLocation.framework */ = {isa = PBXFileReference; lastKnownFileType = wrapper.framework; name = CoreLocation.framework; path = System/Library/Frameworks/CoreLocation.framework; sourceTree = SDKROOT; };
		1D30AB110D05D00D00671497 /* Foundation.framework */ = {isa = PBXFileReference; lastKnownFileType = wrapper.framework; name = Foundation.framework; path = System/Library/Frameworks/Foundation.framework; sourceTree = SDKROOT; };
		1D6058910D05DD3D006BFB54 /* KMLViewer.app */ = {isa = PBXFileReference; explicitFileType = wrapper.application; includeInIndex = 0; path = KMLViewer.app; sourceTree = BUILT_PRODUCTS_DIR; };
		1DF5F4DF0D08C38300B7A737 /* UIKit.framework */ = {isa = PBXFileReference; lastKnownFileType = wrapper.framework; name = UIKit.framework; path = System/Library/Frameworks/UIKit.framework; sourceTree = SDKROOT; };
		288765A40DF7441C002DB57D /* CoreGraphics.framework */ = {isa = PBXFileReference; lastKnownFileType = wrapper.framework; name = CoreGraphics.framework; path = System/Library/Frameworks/CoreGraphics.framework; sourceTree = SDKROOT; };
		29B97316FDCFA39411CA2CEA /* main.m */ = {isa = PBXFileReference; fileEncoding = 4; lastKnownFileType = sourcecode.c.objc; path = main.m; sourceTree = "<group>"; };
		32CA4F630368D1EE00C91783 /* KMLViewer_Prefix.pch */ = {isa = PBXFileReference; fileEncoding = 4; lastKnownFileType = sourcecode.c.h; path = KMLViewer_Prefix.pch; sourceTree = "<group>"; };
		8D1107310486CEB800E47090 /* KMLViewer-Info.plist */ = {isa = PBXFileReference; fileEncoding = 4; lastKnownFileType = text.plist.xml; path = "KMLViewer-Info.plist"; plistStructureDefinitionIdentifier = "com.apple.xcode.plist.structure-definition.iphone.info-plist"; sourceTree = "<group>"; };
		D882784A1B94F20E00ADFFC3 /* Base */ = {isa = PBXFileReference; lastKnownFileType = file.storyboard; name = Base; path = Base.lproj/Main.storyboard; sourceTree = "<group>"; };
		D882784B1B94F71700ADFFC3 /* ReadMe.md */ = {isa = PBXFileReference; fileEncoding = 4; lastKnownFileType = net.daringfireball.markdown; path = ReadMe.md; sourceTree = "<group>"; };
		D8BD72431B964F32003664CD /* Base */ = {isa = PBXFileReference; lastKnownFileType = file.xib; name = Base; path = Base.lproj/Launch.xib; sourceTree = SOURCE_ROOT; };
		D8DC65141B879F6A00C7C5C0 /* Images.xcassets */ = {isa = PBXFileReference; lastKnownFileType = folder.assetcatalog; name = Images.xcassets; path = ../Images.xcassets; sourceTree = "<group>"; };
		DA941F6D1CBC916A00A2CC69 /* KMLViewerOSX.app */ = {isa = PBXFileReference; explicitFileType = wrapper.application; includeInIndex = 0; path = KMLViewerOSX.app; sourceTree = BUILT_PRODUCTS_DIR; };
		DA941F6F1CBC916A00A2CC69 /* AppDelegate.h */ = {isa = PBXFileReference; lastKnownFileType = sourcecode.c.h; path = AppDelegate.h; sourceTree = "<group>"; };
		DA941F701CBC916A00A2CC69 /* AppDelegate.m */ = {isa = PBXFileReference; lastKnownFileType = sourcecode.c.objc; path = AppDelegate.m; sourceTree = "<group>"; };
		DA941F731CBC916A00A2CC69 /* main.m */ = {isa = PBXFileReference; lastKnownFileType = sourcecode.c.objc; path = main.m; sourceTree = "<group>"; };
		DA941F751CBC916A00A2CC69 /* Assets.xcassets */ = {isa = PBXFileReference; lastKnownFileType = folder.assetcatalog; path = Assets.xcassets; sourceTree = "<group>"; };
		DA941F781CBC916A00A2CC69 /* Base */ = {isa = PBXFileReference; lastKnownFileType = file.xib; name = Base; path = Base.lproj/MainMenu.xib; sourceTree = "<group>"; };
		DA941F7A1CBC916A00A2CC69 /* Info.plist */ = {isa = PBXFileReference; lastKnownFileType = text.plist.xml; path = Info.plist; sourceTree = "<group>"; };
		DA941F7E1CBC91B500A2CC69 /* MapKit.framework */ = {isa = PBXFileReference; lastKnownFileType = wrapper.framework; name = MapKit.framework; path = Platforms/MacOSX.platform/Developer/SDKs/MacOSX10.11.sdk/System/Library/Frameworks/MapKit.framework; sourceTree = DEVELOPER_DIR; };
		DA941F841CBCA53300A2CC69 /* KMLViewerAppDelegate.h */ = {isa = PBXFileReference; fileEncoding = 4; lastKnownFileType = sourcecode.c.h; path = KMLViewerAppDelegate.h; sourceTree = "<group>"; };
		DA941F851CBCA53300A2CC69 /* KMLViewerAppDelegate.m */ = {isa = PBXFileReference; fileEncoding = 4; lastKnownFileType = sourcecode.c.objc; path = KMLViewerAppDelegate.m; sourceTree = "<group>"; };
		DA941F861CBCA53300A2CC69 /* KMLViewerViewController.h */ = {isa = PBXFileReference; fileEncoding = 4; lastKnownFileType = sourcecode.c.h; path = KMLViewerViewController.h; sourceTree = "<group>"; };
		DA941F871CBCA53300A2CC69 /* KMLViewerViewController.m */ = {isa = PBXFileReference; fileEncoding = 4; lastKnownFileType = sourcecode.c.objc; path = KMLViewerViewController.m; sourceTree = "<group>"; };
		DA941F8C1CBCA59B00A2CC69 /* KML_Sample.kml */ = {isa = PBXFileReference; fileEncoding = 4; lastKnownFileType = text.xml; path = KML_Sample.kml; sourceTree = "<group>"; };
		DA941F8D1CBCA59B00A2CC69 /* KML_Sample_2.2.kml */ = {isa = PBXFileReference; fileEncoding = 4; lastKnownFileType = text.xml; path = KML_Sample_2.2.kml; sourceTree = "<group>"; };
/* End PBXFileReference section */

/* Begin PBXFrameworksBuildPhase section */
		1D60588F0D05DD3D006BFB54 /* Frameworks */ = {
			isa = PBXFrameworksBuildPhase;
			buildActionMask = 2147483647;
			files = (
				1D60589F0D05DD5A006BFB54 /* Foundation.framework in Frameworks */,
				1DF5F4E00D08C38300B7A737 /* UIKit.framework in Frameworks */,
				288765A50DF7441C002DB57D /* CoreGraphics.framework in Frameworks */,
				1A4B76FB11907DD600940A50 /* MapKit.framework in Frameworks */,
				1A4B77311190911400940A50 /* CoreLocation.framework in Frameworks */,
			);
			runOnlyForDeploymentPostprocessing = 0;
		};
		DA941F6A1CBC916A00A2CC69 /* Frameworks */ = {
			isa = PBXFrameworksBuildPhase;
			buildActionMask = 2147483647;
			files = (
				DA941F7F1CBC91B500A2CC69 /* MapKit.framework in Frameworks */,
			);
			runOnlyForDeploymentPostprocessing = 0;
		};
/* End PBXFrameworksBuildPhase section */

/* Begin PBXGroup section */
		080E96DDFE201D6D7F000001 /* Classes */ = {
			isa = PBXGroup;
			children = (
				1A4B770811907E0300940A50 /* KMLParser.h */,
				1A4B770911907E0300940A50 /* KMLParser.m */,
			);
			path = Classes;
			sourceTree = "<group>";
		};
		19C28FACFE9D520D11CA2CBB /* Products */ = {
			isa = PBXGroup;
			children = (
				1D6058910D05DD3D006BFB54 /* KMLViewer.app */,
				DA941F6D1CBC916A00A2CC69 /* KMLViewerOSX.app */,
			);
			name = Products;
			sourceTree = "<group>";
		};
		29B97314FDCFA39411CA2CEA /* CustomTemplate */ = {
			isa = PBXGroup;
			children = (
				D882784B1B94F71700ADFFC3 /* ReadMe.md */,
				080E96DDFE201D6D7F000001 /* Classes */,
				DA941F821CBCA53300A2CC69 /* KMLViewer */,
				DA941F8B1CBCA59B00A2CC69 /* KML */,
				29B97315FDCFA39411CA2CEA /* Supporting Files */,
				DA941F6E1CBC916A00A2CC69 /* KMLViewerOSX */,
				29B97323FDCFA39411CA2CEA /* Frameworks */,
				19C28FACFE9D520D11CA2CBB /* Products */,
			);
			name = CustomTemplate;
			sourceTree = "<group>";
		};
		29B97315FDCFA39411CA2CEA /* Supporting Files */ = {
			isa = PBXGroup;
			children = (
				29B97316FDCFA39411CA2CEA /* main.m */,
				32CA4F630368D1EE00C91783 /* KMLViewer_Prefix.pch */,
				8D1107310486CEB800E47090 /* KMLViewer-Info.plist */,
			);
			name = "Supporting Files";
			sourceTree = "<group>";
		};
		29B97323FDCFA39411CA2CEA /* Frameworks */ = {
			isa = PBXGroup;
			children = (
				DA941F7E1CBC91B500A2CC69 /* MapKit.framework */,
				1A4B77301190911400940A50 /* CoreLocation.framework */,
				1A4B76FA11907DD600940A50 /* MapKit.framework */,
				1DF5F4DF0D08C38300B7A737 /* UIKit.framework */,
				1D30AB110D05D00D00671497 /* Foundation.framework */,
				288765A40DF7441C002DB57D /* CoreGraphics.framework */,
			);
			name = Frameworks;
			sourceTree = "<group>";
		};
		DA941F6E1CBC916A00A2CC69 /* KMLViewerOSX */ = {
			isa = PBXGroup;
			children = (
				DA941F6F1CBC916A00A2CC69 /* AppDelegate.h */,
				DA941F701CBC916A00A2CC69 /* AppDelegate.m */,
				DA941F751CBC916A00A2CC69 /* Assets.xcassets */,
				DA941F771CBC916A00A2CC69 /* MainMenu.xib */,
				DA941F7A1CBC916A00A2CC69 /* Info.plist */,
				DA941F721CBC916A00A2CC69 /* Supporting Files */,
			);
			path = KMLViewerOSX;
			sourceTree = "<group>";
		};
		DA941F721CBC916A00A2CC69 /* Supporting Files */ = {
			isa = PBXGroup;
			children = (
				DA941F731CBC916A00A2CC69 /* main.m */,
			);
			name = "Supporting Files";
			sourceTree = "<group>";
		};
		DA941F821CBCA53300A2CC69 /* KMLViewer */ = {
			isa = PBXGroup;
			children = (
				DA941F841CBCA53300A2CC69 /* KMLViewerAppDelegate.h */,
				DA941F851CBCA53300A2CC69 /* KMLViewerAppDelegate.m */,
				DA941F861CBCA53300A2CC69 /* KMLViewerViewController.h */,
				DA941F871CBCA53300A2CC69 /* KMLViewerViewController.m */,
				D88278491B94F20400ADFFC3 /* Main.storyboard */,
				D8BD72421B964F32003664CD /* Launch.xib */,
				D8DC65141B879F6A00C7C5C0 /* Images.xcassets */,
			);
			path = KMLViewer;
			sourceTree = "<group>";
		};
		DA941F8B1CBCA59B00A2CC69 /* KML */ = {
			isa = PBXGroup;
			children = (
				DA941F8C1CBCA59B00A2CC69 /* KML_Sample.kml */,
				DA941F8D1CBCA59B00A2CC69 /* KML_Sample_2.2.kml */,
			);
			path = KML;
			sourceTree = "<group>";
		};
/* End PBXGroup section */

/* Begin PBXNativeTarget section */
		1D6058900D05DD3D006BFB54 /* KMLViewer */ = {
			isa = PBXNativeTarget;
			buildConfigurationList = 1D6058960D05DD3E006BFB54 /* Build configuration list for PBXNativeTarget "KMLViewer" */;
			buildPhases = (
				1D60588D0D05DD3D006BFB54 /* Resources */,
				1D60588E0D05DD3D006BFB54 /* Sources */,
				1D60588F0D05DD3D006BFB54 /* Frameworks */,
			);
			buildRules = (
			);
			dependencies = (
			);
			name = KMLViewer;
			productName = KMLViewer;
			productReference = 1D6058910D05DD3D006BFB54 /* KMLViewer.app */;
			productType = "com.apple.product-type.application";
		};
		DA941F6C1CBC916A00A2CC69 /* KMLViewerOSX */ = {
			isa = PBXNativeTarget;
			buildConfigurationList = DA941F7D1CBC916A00A2CC69 /* Build configuration list for PBXNativeTarget "KMLViewerOSX" */;
			buildPhases = (
				DA941F691CBC916A00A2CC69 /* Sources */,
				DA941F6A1CBC916A00A2CC69 /* Frameworks */,
				DA941F6B1CBC916A00A2CC69 /* Resources */,
			);
			buildRules = (
			);
			dependencies = (
			);
			name = KMLViewerOSX;
			productName = KMLViewerOSX;
			productReference = DA941F6D1CBC916A00A2CC69 /* KMLViewerOSX.app */;
			productType = "com.apple.product-type.application";
		};
/* End PBXNativeTarget section */

/* Begin PBXProject section */
		29B97313FDCFA39411CA2CEA /* Project object */ = {
			isa = PBXProject;
			attributes = {
				LastUpgradeCheck = 0700;
				TargetAttributes = {
					DA941F6C1CBC916A00A2CC69 = {
						CreatedOnToolsVersion = 7.3;
					};
				};
			};
			buildConfigurationList = C01FCF4E08A954540054247B /* Build configuration list for PBXProject "KMLViewer" */;
			compatibilityVersion = "Xcode 3.2";
			developmentRegion = English;
			hasScannedForEncodings = 1;
			knownRegions = (
				English,
				Japanese,
				French,
				German,
				en,
				Base,
			);
			mainGroup = 29B97314FDCFA39411CA2CEA /* CustomTemplate */;
			projectDirPath = "";
			projectRoot = "";
			targets = (
				1D6058900D05DD3D006BFB54 /* KMLViewer */,
				DA941F6C1CBC916A00A2CC69 /* KMLViewerOSX */,
			);
		};
/* End PBXProject section */

/* Begin PBXResourcesBuildPhase section */
		1D60588D0D05DD3D006BFB54 /* Resources */ = {
			isa = PBXResourcesBuildPhase;
			buildActionMask = 2147483647;
			files = (
				DA941F901CBCA59B00A2CC69 /* KML_Sample_2.2.kml in Resources */,
				D8DC65151B879F6A00C7C5C0 /* Images.xcassets in Resources */,
				DA941F8E1CBCA59B00A2CC69 /* KML_Sample.kml in Resources */,
				D88278471B94F20400ADFFC3 /* Main.storyboard in Resources */,
				D8BD72441B964F32003664CD /* Launch.xib in Resources */,
			);
			runOnlyForDeploymentPostprocessing = 0;
		};
		DA941F6B1CBC916A00A2CC69 /* Resources */ = {
			isa = PBXResourcesBuildPhase;
			buildActionMask = 2147483647;
			files = (
				DA941F761CBC916A00A2CC69 /* Assets.xcassets in Resources */,
				DA941F8F1CBCA59B00A2CC69 /* KML_Sample.kml in Resources */,
				DA941F911CBCA59B00A2CC69 /* KML_Sample_2.2.kml in Resources */,
				DA941F791CBC916A00A2CC69 /* MainMenu.xib in Resources */,
			);
			runOnlyForDeploymentPostprocessing = 0;
		};
/* End PBXResourcesBuildPhase section */

/* Begin PBXSourcesBuildPhase section */
		1D60588E0D05DD3D006BFB54 /* Sources */ = {
			isa = PBXSourcesBuildPhase;
			buildActionMask = 2147483647;
			files = (
				1D60589B0D05DD56006BFB54 /* main.m in Sources */,
				DA941F8A1CBCA53300A2CC69 /* KMLViewerViewController.m in Sources */,
				1A4B770A11907E0300940A50 /* KMLParser.m in Sources */,
				DA941F891CBCA53300A2CC69 /* KMLViewerAppDelegate.m in Sources */,
			);
			runOnlyForDeploymentPostprocessing = 0;
		};
		DA941F691CBC916A00A2CC69 /* Sources */ = {
			isa = PBXSourcesBuildPhase;
			buildActionMask = 2147483647;
			files = (
				DA941F741CBC916A00A2CC69 /* main.m in Sources */,
				DA941F801CBC924200A2CC69 /* KMLParser.m in Sources */,
				DA941F711CBC916A00A2CC69 /* AppDelegate.m in Sources */,
			);
			runOnlyForDeploymentPostprocessing = 0;
		};
/* End PBXSourcesBuildPhase section */

/* Begin PBXVariantGroup section */
		D88278491B94F20400ADFFC3 /* Main.storyboard */ = {
			isa = PBXVariantGroup;
			children = (
				D882784A1B94F20E00ADFFC3 /* Base */,
			);
			name = Main.storyboard;
			path = ..;
			sourceTree = "<group>";
		};
		D8BD72421B964F32003664CD /* Launch.xib */ = {
			isa = PBXVariantGroup;
			children = (
				D8BD72431B964F32003664CD /* Base */,
			);
			name = Launch.xib;
			path = ../Classes;
			sourceTree = "<group>";
		};
		DA941F771CBC916A00A2CC69 /* MainMenu.xib */ = {
			isa = PBXVariantGroup;
			children = (
				DA941F781CBC916A00A2CC69 /* Base */,
			);
			name = MainMenu.xib;
			sourceTree = "<group>";
		};
/* End PBXVariantGroup section */

/* Begin XCBuildConfiguration section */
		1D6058940D05DD3E006BFB54 /* Debug */ = {
			isa = XCBuildConfiguration;
			buildSettings = {
				ALWAYS_SEARCH_USER_PATHS = NO;
				ASSETCATALOG_COMPILER_APPICON_NAME = AppIcon;
				ASSETCATALOG_COMPILER_LAUNCHIMAGE_NAME = LaunchImage;
				CLANG_ENABLE_MODULES = YES;
				CLANG_ENABLE_OBJC_ARC = YES;
				COPY_PHASE_STRIP = NO;
				GCC_DYNAMIC_NO_PIC = NO;
				GCC_OPTIMIZATION_LEVEL = 0;
				GCC_PRECOMPILE_PREFIX_HEADER = YES;
				GCC_PREFIX_HEADER = KMLViewer_Prefix.pch;
				GCC_THUMB_SUPPORT = NO;
				GCC_WARN_ABOUT_MISSING_FIELD_INITIALIZERS = YES;
				GCC_WARN_INITIALIZER_NOT_FULLY_BRACKETED = YES;
				GCC_WARN_SHADOW = YES;
				GCC_WARN_SIGN_COMPARE = YES;
				GCC_WARN_UNDECLARED_SELECTOR = YES;
				GCC_WARN_UNUSED_FUNCTION = YES;
				GCC_WARN_UNUSED_LABEL = YES;
				INFOPLIST_FILE = "KMLViewer-Info.plist";
				IPHONEOS_DEPLOYMENT_TARGET = 7.0;
				PRODUCT_BUNDLE_IDENTIFIER = "com.example.apple-samplecode.${PRODUCT_NAME:rfc1034identifier}";
				PRODUCT_NAME = KMLViewer;
				TARGETED_DEVICE_FAMILY = "1,2";
			};
			name = Debug;
		};
		1D6058950D05DD3E006BFB54 /* Release */ = {
			isa = XCBuildConfiguration;
			buildSettings = {
				ALWAYS_SEARCH_USER_PATHS = NO;
				ASSETCATALOG_COMPILER_APPICON_NAME = AppIcon;
				ASSETCATALOG_COMPILER_LAUNCHIMAGE_NAME = LaunchImage;
				CLANG_ENABLE_MODULES = YES;
				CLANG_ENABLE_OBJC_ARC = YES;
				COPY_PHASE_STRIP = YES;
				GCC_PRECOMPILE_PREFIX_HEADER = YES;
				GCC_PREFIX_HEADER = KMLViewer_Prefix.pch;
				GCC_THUMB_SUPPORT = NO;
				GCC_WARN_ABOUT_MISSING_FIELD_INITIALIZERS = YES;
				GCC_WARN_INITIALIZER_NOT_FULLY_BRACKETED = YES;
				GCC_WARN_SHADOW = YES;
				GCC_WARN_SIGN_COMPARE = YES;
				GCC_WARN_UNDECLARED_SELECTOR = YES;
				GCC_WARN_UNUSED_FUNCTION = YES;
				GCC_WARN_UNUSED_LABEL = YES;
				INFOPLIST_FILE = "KMLViewer-Info.plist";
				IPHONEOS_DEPLOYMENT_TARGET = 7.0;
				PRODUCT_BUNDLE_IDENTIFIER = "com.example.apple-samplecode.${PRODUCT_NAME:rfc1034identifier}";
				PRODUCT_NAME = KMLViewer;
				TARGETED_DEVICE_FAMILY = "1,2";
				VALIDATE_PRODUCT = YES;
			};
			name = Release;
		};
		C01FCF4F08A954540054247B /* Debug */ = {
			isa = XCBuildConfiguration;
			buildSettings = {
				"CODE_SIGN_IDENTITY[sdk=iphoneos*]" = "iPhone Developer";
				ENABLE_TESTABILITY = YES;
				GCC_C_LANGUAGE_STANDARD = c99;
				GCC_WARN_ABOUT_RETURN_TYPE = YES;
				GCC_WARN_UNUSED_VARIABLE = YES;
				IPHONEOS_DEPLOYMENT_TARGET = 7.0;
				ONLY_ACTIVE_ARCH = YES;
				SDKROOT = iphoneos;
			};
			name = Debug;
		};
		C01FCF5008A954540054247B /* Release */ = {
			isa = XCBuildConfiguration;
			buildSettings = {
				"CODE_SIGN_IDENTITY[sdk=iphoneos*]" = "iPhone Developer";
				GCC_C_LANGUAGE_STANDARD = c99;
				GCC_WARN_ABOUT_RETURN_TYPE = YES;
				GCC_WARN_UNUSED_VARIABLE = YES;
				IPHONEOS_DEPLOYMENT_TARGET = 7.0;
				OTHER_CFLAGS = "-DNS_BLOCK_ASSERTIONS=1";
				SDKROOT = iphoneos;
			};
			name = Release;
		};
		DA941F7B1CBC916A00A2CC69 /* Debug */ = {
			isa = XCBuildConfiguration;
			buildSettings = {
				ALWAYS_SEARCH_USER_PATHS = NO;
				ASSETCATALOG_COMPILER_APPICON_NAME = AppIcon;
				CLANG_ANALYZER_NONNULL = YES;
				CLANG_CXX_LANGUAGE_STANDARD = "gnu++0x";
				CLANG_CXX_LIBRARY = "libc++";
				CLANG_ENABLE_MODULES = YES;
				CLANG_ENABLE_OBJC_ARC = YES;
				CLANG_WARN_BOOL_CONVERSION = YES;
				CLANG_WARN_CONSTANT_CONVERSION = YES;
				CLANG_WARN_DIRECT_OBJC_ISA_USAGE = YES_ERROR;
				CLANG_WARN_EMPTY_BODY = YES;
				CLANG_WARN_ENUM_CONVERSION = YES;
				CLANG_WARN_INT_CONVERSION = YES;
				CLANG_WARN_OBJC_ROOT_CLASS = YES_ERROR;
				CLANG_WARN_UNREACHABLE_CODE = YES;
				CLANG_WARN__DUPLICATE_METHOD_MATCH = YES;
				CODE_SIGN_IDENTITY = "-";
				COMBINE_HIDPI_IMAGES = YES;
				COPY_PHASE_STRIP = NO;
				DEBUG_INFORMATION_FORMAT = dwarf;
				ENABLE_STRICT_OBJC_MSGSEND = YES;
				GCC_C_LANGUAGE_STANDARD = gnu99;
				GCC_DYNAMIC_NO_PIC = NO;
				GCC_NO_COMMON_BLOCKS = YES;
				GCC_OPTIMIZATION_LEVEL = 0;
				GCC_PREPROCESSOR_DEFINITIONS = (
					"DEBUG=1",
					"$(inherited)",
				);
				GCC_WARN_64_TO_32_BIT_CONVERSION = YES;
				GCC_WARN_ABOUT_RETURN_TYPE = YES_ERROR;
				GCC_WARN_UNDECLARED_SELECTOR = YES;
				GCC_WARN_UNINITIALIZED_AUTOS = YES_AGGRESSIVE;
				GCC_WARN_UNUSED_FUNCTION = YES;
				INFOPLIST_FILE = KMLViewerOSX/Info.plist;
				LD_RUNPATH_SEARCH_PATHS = "$(inherited) @executable_path/../Frameworks";
				MACOSX_DEPLOYMENT_TARGET = 10.11;
				MTL_ENABLE_DEBUG_INFO = YES;
				PRODUCT_BUNDLE_IDENTIFIER = io.marboo.KMLViewerOSX;
				PRODUCT_NAME = "$(TARGET_NAME)";
				SDKROOT = macosx;
			};
			name = Debug;
		};
		DA941F7C1CBC916A00A2CC69 /* Release */ = {
			isa = XCBuildConfiguration;
			buildSettings = {
				ALWAYS_SEARCH_USER_PATHS = NO;
				ASSETCATALOG_COMPILER_APPICON_NAME = AppIcon;
				CLANG_ANALYZER_NONNULL = YES;
				CLANG_CXX_LANGUAGE_STANDARD = "gnu++0x";
				CLANG_CXX_LIBRARY = "libc++";
				CLANG_ENABLE_MODULES = YES;
				CLANG_ENABLE_OBJC_ARC = YES;
				CLANG_WARN_BOOL_CONVERSION = YES;
				CLANG_WARN_CONSTANT_CONVERSION = YES;
				CLANG_WARN_DIRECT_OBJC_ISA_USAGE = YES_ERROR;
				CLANG_WARN_EMPTY_BODY = YES;
				CLANG_WARN_ENUM_CONVERSION = YES;
				CLANG_WARN_INT_CONVERSION = YES;
				CLANG_WARN_OBJC_ROOT_CLASS = YES_ERROR;
				CLANG_WARN_UNREACHABLE_CODE = YES;
				CLANG_WARN__DUPLICATE_METHOD_MATCH = YES;
				CODE_SIGN_IDENTITY = "-";
				COMBINE_HIDPI_IMAGES = YES;
				COPY_PHASE_STRIP = NO;
				DEBUG_INFORMATION_FORMAT = "dwarf-with-dsym";
				ENABLE_NS_ASSERTIONS = NO;
				ENABLE_STRICT_OBJC_MSGSEND = YES;
				GCC_C_LANGUAGE_STANDARD = gnu99;
				GCC_NO_COMMON_BLOCKS = YES;
				GCC_WARN_64_TO_32_BIT_CONVERSION = YES;
				GCC_WARN_ABOUT_RETURN_TYPE = YES_ERROR;
				GCC_WARN_UNDECLARED_SELECTOR = YES;
				GCC_WARN_UNINITIALIZED_AUTOS = YES_AGGRESSIVE;
				GCC_WARN_UNUSED_FUNCTION = YES;
				INFOPLIST_FILE = KMLViewerOSX/Info.plist;
				LD_RUNPATH_SEARCH_PATHS = "$(inherited) @executable_path/../Frameworks";
				MACOSX_DEPLOYMENT_TARGET = 10.11;
				MTL_ENABLE_DEBUG_INFO = NO;
				PRODUCT_BUNDLE_IDENTIFIER = io.marboo.KMLViewerOSX;
				PRODUCT_NAME = "$(TARGET_NAME)";
				SDKROOT = macosx;
			};
			name = Release;
		};
/* End XCBuildConfiguration section */

/* Begin XCConfigurationList section */
		1D6058960D05DD3E006BFB54 /* Build configuration list for PBXNativeTarget "KMLViewer" */ = {
			isa = XCConfigurationList;
			buildConfigurations = (
				1D6058940D05DD3E006BFB54 /* Debug */,
				1D6058950D05DD3E006BFB54 /* Release */,
			);
			defaultConfigurationIsVisible = 0;
			defaultConfigurationName = Release;
		};
		C01FCF4E08A954540054247B /* Build configuration list for PBXProject "KMLViewer" */ = {
			isa = XCConfigurationList;
			buildConfigurations = (
				C01FCF4F08A954540054247B /* Debug */,
				C01FCF5008A954540054247B /* Release */,
			);
			defaultConfigurationIsVisible = 0;
			defaultConfigurationName = Release;
		};
		DA941F7D1CBC916A00A2CC69 /* Build configuration list for PBXNativeTarget "KMLViewerOSX" */ = {
			isa = XCConfigurationList;
			buildConfigurations = (
				DA941F7B1CBC916A00A2CC69 /* Debug */,
				DA941F7C1CBC916A00A2CC69 /* Release */,
			);
			defaultConfigurationIsVisible = 0;
			defaultConfigurationName = Release;
		};
/* End XCConfigurationList section */
	};
	rootObject = 29B97313FDCFA39411CA2CEA /* Project object */;
}
